// !$*UTF8*$!
{
	archiveVersion = 1;
	classes = {
	};
	objectVersion = 77;
	objects = {

/* Begin PBXBuildFile section */
		DV00000000000000000000B1 /* DisplayVolumeKit in Frameworks */ = {isa = PBXBuildFile; productRef = DV00000000000000000000P1 /* DisplayVolumeKit */; };
		DV00000000000000000000B2 /* AppIcon.icns in Resources */ = {isa = PBXBuildFile; fileRef = DV00000000000000000000A4 /* AppIcon.icns */; };
/* End PBXBuildFile section */

/* Begin PBXFileReference section */
		DV00000000000000000000A2 /* DisplayVolume.app */ = {isa = PBXFileReference; explicitFileType = wrapper.application; includeInIndex = 0; path = DisplayVolume.app; sourceTree = BUILT_PRODUCTS_DIR; };
		DV00000000000000000000A4 /* AppIcon.icns */ = {isa = PBXFileReference; lastKnownFileType = image.icns; path = SupportFiles/AppIcon.icns; sourceTree = "<group>"; };
/* End PBXFileReference section */

/* Begin PBXFileSystemSynchronizedRootGroup section */
		DV00000000000000000000A3 /* DisplayVolumeApp */ = {
			isa = PBXFileSystemSynchronizedRootGroup;
			path = Sources/DisplayVolumeApp;
			sourceTree = "<group>";
		};
/* End PBXFileSystemSynchronizedRootGroup section */

/* Begin PBXFrameworksBuildPhase section */
		DV00000000000000000000A5 /* Frameworks */ = {
			isa = PBXFrameworksBuildPhase;
			buildActionMask = 2147483647;
			files = (
				DV00000000000000000000B1 /* DisplayVolumeKit in Frameworks */,
			);
			runOnlyForDeploymentPostprocessing = 0;
		};
/* End PBXFrameworksBuildPhase section */

/* Begin PBXGroup section */
		DV00000000000000000000A6 = {
			isa = PBXGroup;
			children = (
				DV00000000000000000000A3 /* DisplayVolumeApp */,
				DV00000000000000000000A4 /* AppIcon.icns */,
				DV00000000000000000000A7 /* Products */,
			);
			sourceTree = "<group>";
		};
		DV00000000000000000000A7 /* Products */ = {
			isa = PBXGroup;
			children = (
				DV00000000000000000000A2 /* DisplayVolume.app */,
			);
			name = Products;
			sourceTree = "<group>";
		};
/* End PBXGroup section */

/* Begin PBXNativeTarget section */
		DV00000000000000000000A8 /* DisplayVolume */ = {
			isa = PBXNativeTarget;
			buildConfigurationList = DV00000000000000000000C0 /* Build configuration list for PBXNativeTarget "DisplayVolume" */;
			buildPhases = (
				DV00000000000000000000AA /* Sources */,
				DV00000000000000000000A5 /* Frameworks */,
				DV00000000000000000000AB /* Resources */,
			);
			buildRules = (
			);
			dependencies = (
			);
			fileSystemSynchronizedGroups = (
				DV00000000000000000000A3 /* DisplayVolumeApp */,
			);
			name = DisplayVolume;
			packageProductDependencies = (
				DV00000000000000000000P1 /* DisplayVolumeKit */,
			);
			productName = DisplayVolume;
			productReference = DV00000000000000000000A2 /* DisplayVolume.app */;
			productType = "com.apple.product-type.application";
		};
/* End PBXNativeTarget section */

/* Begin PBXProject section */
		DV00000000000000000000A9 /* Project object */ = {
			isa = PBXProject;
			attributes = {
				BuildIndependentTargetsInParallel = 1;
				LastSwiftUpdateCheck = 1600;
				LastUpgradeCheck = 1600;
				TargetAttributes = {
					DV00000000000000000000A8 = {
						CreatedOnToolsVersion = 16.0;
					};
				};
			};
			buildConfigurationList = DV00000000000000000000C1 /* Build configuration list for PBXProject "DisplayVolume" */;
			developmentRegion = en;
			hasScannedForEncodings = 0;
			knownRegions = (
				en,
				Base,
			);
			mainGroup = DV00000000000000000000A6;
			packageReferences = (
				DV00000000000000000000PR /* XCLocalSwiftPackageReference "." */,
			);
			productRefGroup = DV00000000000000000000A7 /* Products */;
			projectDirPath = "";
			projectRoot = "";
			targets = (
				DV00000000000000000000A8 /* DisplayVolume */,
			);
		};
/* End PBXProject section */

/* Begin PBXResourcesBuildPhase section */
		DV00000000000000000000AB /* Resources */ = {
			isa = PBXResourcesBuildPhase;
			buildActionMask = 2147483647;
			files = (
				DV00000000000000000000B2 /* AppIcon.icns in Resources */,
			);
			runOnlyForDeploymentPostprocessing = 0;
		};
/* End PBXResourcesBuildPhase section */

/* Begin PBXSourcesBuildPhase section */
		DV00000000000000000000AA /* Sources */ = {
			isa = PBXSourcesBuildPhase;
			buildActionMask = 2147483647;
			files = (
			);
			runOnlyForDeploymentPostprocessing = 0;
		};
/* End PBXSourcesBuildPhase section */

/* Begin XCBuildConfiguration section */
		DV00000000000000000000C2 /* Debug */ = {
			isa = XCBuildConfiguration;
			buildSettings = {
				ALWAYS_SEARCH_USER_PATHS = NO;
				CLANG_ENABLE_MODULES = YES;
				CLANG_ENABLE_OBJC_ARC = YES;
				COPY_PHASE_STRIP = NO;
				DEBUG_INFORMATION_FORMAT = dwarf;
				ENABLE_STRICT_OBJC_MSGSEND = YES;
				ENABLE_TESTABILITY = YES;
				ENABLE_USER_SCRIPT_SANDBOXING = YES;
				GCC_C_LANGUAGE_STANDARD = gnu17;
				GCC_DYNAMIC_NO_PIC = NO;
				GCC_OPTIMIZATION_LEVEL = 0;
				GCC_PREPROCESSOR_DEFINITIONS = (
					"DEBUG=1",
					"$(inherited)",
				);
				MACOSX_DEPLOYMENT_TARGET = 14.2;
				MTL_ENABLE_DEBUG_INFO = INCLUDE_SOURCE;
				MTL_FAST_MATH = YES;
				ONLY_ACTIVE_ARCH = YES;
				SDKROOT = macosx;
				SWIFT_ACTIVE_COMPILATION_CONDITIONS = "DEBUG $(inherited)";
				SWIFT_OPTIMIZATION_LEVEL = "-Onone";
				SWIFT_VERSION = 5.0;
			};
			name = Debug;
		};
		DV00000000000000000000C3 /* Release */ = {
			isa = XCBuildConfiguration;
			buildSettings = {
				ALWAYS_SEARCH_USER_PATHS = NO;
				CLANG_ENABLE_MODULES = YES;
				CLANG_ENABLE_OBJC_ARC = YES;
				COPY_PHASE_STRIP = NO;
				DEBUG_INFORMATION_FORMAT = "dwarf-with-dsym";
				ENABLE_NS_ASSERTIONS = NO;
				ENABLE_STRICT_OBJC_MSGSEND = YES;
				ENABLE_USER_SCRIPT_SANDBOXING = YES;
				GCC_C_LANGUAGE_STANDARD = gnu17;
				MACOSX_DEPLOYMENT_TARGET = 14.2;
				MTL_ENABLE_DEBUG_INFO = NO;
				MTL_FAST_MATH = YES;
				SDKROOT = macosx;
				SWIFT_COMPILATION_MODE = wholemodule;
				SWIFT_OPTIMIZATION_LEVEL = "-O";
				SWIFT_VERSION = 5.0;
			};
			name = Release;
		};
		DV00000000000000000000C4 /* Debug */ = {
			isa = XCBuildConfiguration;
			buildSettings = {
				CODE_SIGN_ENTITLEMENTS = SupportFiles/DisplayVolume.entitlements;
				CODE_SIGN_STYLE = Automatic;
				COMBINE_HIDPI_IMAGES = YES;
				CURRENT_PROJECT_VERSION = 1;
				ENABLE_HARDENED_RUNTIME = YES;
				GENERATE_INFOPLIST_FILE = NO;
				INFOPLIST_FILE = SupportFiles/Info.plist;
				LD_RUNPATH_SEARCH_PATHS = (
					"$(inherited)",
					"@executable_path/../Frameworks",
				);
				MARKETING_VERSION = 1.0.0;
				PRODUCT_BUNDLE_IDENTIFIER = com.bnewable.DisplayVolume;
				PRODUCT_NAME = "$(TARGET_NAME)";
			};
			name = Debug;
		};
		DV00000000000000000000C5 /* Release */ = {
			isa = XCBuildConfiguration;
			buildSettings = {
				CODE_SIGN_ENTITLEMENTS = SupportFiles/DisplayVolume.entitlements;
				CODE_SIGN_STYLE = Automatic;
				COMBINE_HIDPI_IMAGES = YES;
				CURRENT_PROJECT_VERSION = 1;
				ENABLE_HARDENED_RUNTIME = YES;
				GENERATE_INFOPLIST_FILE = NO;
				INFOPLIST_FILE = SupportFiles/Info.plist;
				LD_RUNPATH_SEARCH_PATHS = (
					"$(inherited)",
					"@executable_path/../Frameworks",
				);
				MARKETING_VERSION = 1.0.0;
				PRODUCT_BUNDLE_IDENTIFIER = com.bnewable.DisplayVolume;
				PRODUCT_NAME = "$(TARGET_NAME)";
			};
			name = Release;
		};
/* End XCBuildConfiguration section */

/* Begin XCConfigurationList section */
		DV00000000000000000000C0 /* Build configuration list for PBXNativeTarget "DisplayVolume" */ = {
			isa = XCConfigurationList;
			buildConfigurations = (
				DV00000000000000000000C4 /* Debug */,
				DV00000000000000000000C5 /* Release */,
			);
			defaultConfigurationIsVisible = 0;
			defaultConfigurationName = Release;
		};
		DV00000000000000000000C1 /* Build configuration list for PBXProject "DisplayVolume" */ = {
			isa = XCConfigurationList;
			buildConfigurations = (
				DV00000000000000000000C2 /* Debug */,
				DV00000000000000000000C3 /* Release */,
			);
			defaultConfigurationIsVisible = 0;
			defaultConfigurationName = Release;
		};
/* End XCConfigurationList section */

/* Begin XCLocalSwiftPackageReference section */
		DV00000000000000000000PR /* XCLocalSwiftPackageReference "." */ = {
			isa = XCLocalSwiftPackageReference;
			relativePath = .;
		};
/* End XCLocalSwiftPackageReference section */

/* Begin XCSwiftPackageProductDependency section */
		DV00000000000000000000P1 /* DisplayVolumeKit */ = {
			isa = XCSwiftPackageProductDependency;
			productName = DisplayVolumeKit;
		};
/* End XCSwiftPackageProductDependency section */
	};
	rootObject = DV00000000000000000000A9 /* Project object */;
}
